#MicroXplorer Configuration settings - do not modify
Dma.Request0=USART2_RX
Dma.Request1=USART2_TX
Dma.RequestsNb=2
Dma.USART2_RX.0.Direction=DMA_PERIPH_TO_MEMORY
Dma.USART2_RX.0.FIFOMode=DMA_FIFOMODE_DISABLE
Dma.USART2_RX.0.Instance=DMA1_Stream5
Dma.USART2_RX.0.MemDataAlignment=DMA_MDATAALIGN_BYTE
Dma.USART2_RX.0.MemInc=DMA_MINC_ENABLE
Dma.USART2_RX.0.Mode=DMA_NORMAL
Dma.USART2_RX.0.PeriphDataAlignment=DMA_PDATAALIGN_BYTE
Dma.USART2_RX.0.PeriphInc=DMA_PINC_DISABLE
Dma.USART2_RX.0.Priority=DMA_PRIORITY_LOW
Dma.USART2_RX.0.RequestParameters=Instance,Direction,PeriphInc,MemInc,PeriphDataAlignment,MemDataAlignment,Mode,Priority,FIFOMode
Dma.USART2_TX.1.Direction=DMA_MEMORY_TO_PERIPH
Dma.USART2_TX.1.FIFOMode=DMA_FIFOMODE_DISABLE
Dma.USART2_TX.1.Instance=DMA1_Stream6
Dma.USART2_TX.1.MemDataAlignment=DMA_MDATAALIGN_BYTE
Dma.USART2_TX.1.MemInc=DMA_MINC_ENABLE
Dma.USART2_TX.1.Mode=DMA_NORMAL
Dma.USART2_TX.1.PeriphDataAlignment=DMA_PDATAALIGN_BYTE
Dma.USART2_TX.1.PeriphInc=DMA_PINC_DISABLE
Dma.USART2_TX.1.Priority=DMA_PRIORITY_LOW
Dma.USART2_TX.1.RequestParameters=Instance,Direction,PeriphInc,MemInc,PeriphDataAlignment,MemDataAlignment,Mode,Priority,FIFOMode
File.Version=6
I2C1.I2C_Mode=I2C_Fast
I2C1.IPParameters=I2C_Mode
KeepUserPlacement=false
Mcu.Family=STM32F4
Mcu.IP0=DMA
Mcu.IP1=I2C1
Mcu.IP2=NVIC
Mcu.IP3=RCC
Mcu.IP4=SYS
Mcu.IP5=USART2
Mcu.IPNb=6
Mcu.Name=STM32F401R(D-E)Tx
Mcu.Package=LQFP64
Mcu.Pin0=PC13-ANTI_TAMP
Mcu.Pin1=PC14-OSC32_IN
Mcu.Pin10=PB3
Mcu.Pin11=PB8
Mcu.Pin12=PB9
Mcu.Pin13=VP_SYS_VS_Systick
Mcu.Pin14=VP_STMicroelectronics.X-CUBE-MEMS1_VS_BoardOoExtensionJjMEMS_7.1.0
Mcu.Pin15=VP_STMicroelectronics.X-CUBE-MEMS1_VS_DeviceJjApplication_7.1.0
Mcu.Pin2=PC15-OSC32_OUT
Mcu.Pin3=PH0 - OSC_IN
Mcu.Pin4=PH1 - OSC_OUT
Mcu.Pin5=PA2
Mcu.Pin6=PA3
Mcu.Pin7=PA5
Mcu.Pin8=PA13
Mcu.Pin9=PA14
Mcu.PinsNb=16
Mcu.ThirdParty0=STMicroelectronics.X-CUBE-MEMS1.7.1.0
Mcu.ThirdPartyNb=1
Mcu.UserConstants=
Mcu.UserName=STM32F401RETx
MxCube.Version=5.6.1
MxDb.Version=DB.5.0.60
NVIC.BusFault_IRQn=true\:0\:0\:false\:false\:true\:true\:false
NVIC.DMA1_Stream5_IRQn=true\:0\:0\:false\:false\:true\:false\:true
NVIC.DMA1_Stream6_IRQn=true\:0\:0\:false\:false\:true\:false\:true
NVIC.DebugMonitor_IRQn=true\:0\:0\:false\:false\:true\:true\:false
NVIC.EXTI15_10_IRQn=true\:0\:0\:false\:false\:true\:true\:true
NVIC.ForceEnableDMAVector=true
NVIC.HardFault_IRQn=true\:0\:0\:false\:false\:true\:true\:false
NVIC.MemoryManagement_IRQn=true\:0\:0\:false\:false\:true\:true\:false
NVIC.NonMaskableInt_IRQn=true\:0\:0\:false\:false\:true\:true\:false
NVIC.PendSV_IRQn=true\:0\:0\:false\:false\:true\:false\:false
NVIC.PriorityGroup=NVIC_PRIORITYGROUP_0
NVIC.SVCall_IRQn=true\:0\:0\:false\:false\:true\:false\:false
NVIC.SysTick_IRQn=true\:0\:0\:true\:false\:true\:true\:true
NVIC.USART2_IRQn=true\:0\:0\:false\:false\:true\:true\:true
NVIC.UsageFault_IRQn=true\:0\:0\:false\:false\:true\:true\:false
PA13.GPIOParameters=GPIO_Label
PA13.GPIO_Label=TMS
PA13.Locked=true
PA13.Mode=Serial_Wire
PA13.Signal=SYS_JTMS-SWDIO
PA14.GPIOParameters=GPIO_Label
PA14.GPIO_Label=TCK
PA14.Locked=true
PA14.Mode=Serial_Wire
PA14.Signal=SYS_JTCK-SWCLK
PA2.GPIOParameters=GPIO_Speed,GPIO_PuPd,GPIO_Mode
PA2.GPIO_Mode=GPIO_MODE_AF_PP
PA2.GPIO_PuPd=GPIO_NOPULL
PA2.GPIO_Speed=GPIO_SPEED_FREQ_LOW
PA2.Locked=true
PA2.Mode=Asynchronous
PA2.Signal=USART2_TX
PA3.GPIOParameters=GPIO_Speed,GPIO_PuPd,GPIO_Mode
PA3.GPIO_Mode=GPIO_MODE_AF_PP
PA3.GPIO_PuPd=GPIO_NOPULL
PA3.GPIO_Speed=GPIO_SPEED_FREQ_LOW
PA3.Locked=true
PA3.Mode=Asynchronous
PA3.Signal=USART2_RX
PA5.GPIOParameters=GPIO_Speed,GPIO_PuPd,GPIO_Label,GPIO_Mode
PA5.GPIO_Label=LD2 [Green Led]
PA5.GPIO_Mode=GPIO_MODE_OUTPUT_PP
PA5.GPIO_PuPd=GPIO_NOPULL
PA5.GPIO_Speed=GPIO_SPEED_FREQ_LOW
PA5.Locked=true
PA5.Signal=GPIO_Output
PB3.GPIOParameters=GPIO_Label
PB3.GPIO_Label=SWO
PB3.Locked=true
PB3.Signal=SYS_JTDO-SWO
PB8.Locked=true
PB8.Mode=I2C
PB8.Signal=I2C1_SCL
PB9.Locked=true
PB9.Mode=I2C
PB9.Signal=I2C1_SDA
PC13-ANTI_TAMP.GPIOParameters=GPIO_PuPd,GPIO_Label,GPIO_ModeDefaultEXTI
PC13-ANTI_TAMP.GPIO_Label=B1 [Blue PushButton]
PC13-ANTI_TAMP.GPIO_ModeDefaultEXTI=GPIO_MODE_IT_FALLING
PC13-ANTI_TAMP.GPIO_PuPd=GPIO_NOPULL
PC13-ANTI_TAMP.Locked=true
PC13-ANTI_TAMP.Signal=GPXTI13
PC14-OSC32_IN.Locked=true
PC14-OSC32_IN.Mode=LSE-External-Oscillator
PC14-OSC32_IN.Signal=RCC_OSC32_IN
PC15-OSC32_OUT.Locked=true
PC15-OSC32_OUT.Mode=LSE-External-Oscillator
PC15-OSC32_OUT.Signal=RCC_OSC32_OUT
PH0\ -\ OSC_IN.Locked=true
PH0\ -\ OSC_IN.Mode=HSE-External-Clock-Source
PH0\ -\ OSC_IN.Signal=RCC_OSC_IN
PH1\ -\ OSC_OUT.Locked=true
PH1\ -\ OSC_OUT.Mode=HSE-External-Clock-Source
PH1\ -\ OSC_OUT.Signal=RCC_OSC_OUT
PinOutPanel.RotationAngle=0
ProjectManager.AskForMigrate=true
ProjectManager.BackupPrevious=false
ProjectManager.CompilerOptimize=6
ProjectManager.ComputerToolchain=false
ProjectManager.CoupleFile=false
ProjectManager.CustomerFirmwarePackage=
ProjectManager.DefaultFWLocation=true
ProjectManager.DeletePrevious=true
ProjectManager.DeviceId=STM32F401RETx
ProjectManager.FirmwarePackage=STM32Cube FW_F4 V1.25.0
ProjectManager.FreePins=false
ProjectManager.HalAssertFull=false
ProjectManager.HeapSize=0x200
ProjectManager.KeepUserCode=true
ProjectManager.LastFirmware=true
ProjectManager.LibraryCopy=1
ProjectManager.MainLocation=Core/Src
ProjectManager.NoMain=false
ProjectManager.PreviousToolchain=STM32CubeIDE
ProjectManager.ProjectBuild=false
ProjectManager.ProjectFileName=ROS-X-NUCLEO-IKS01A2-EXAMPLE.ioc
ProjectManager.ProjectName=ROS-X-NUCLEO-IKS01A2-EXAMPLE
ProjectManager.StackSize=0x400
ProjectManager.TargetToolchain=STM32CubeIDE
ProjectManager.ToolChainLocation=
ProjectManager.UnderRoot=true
ProjectManager.functionlistsort=
RCC.48MHZClocksFreq_Value=48000000
RCC.AHBFreq_Value=84000000
RCC.APB1CLKDivider=RCC_HCLK_DIV2
RCC.APB1Freq_Value=42000000
RCC.APB1TimFreq_Value=84000000
RCC.APB2Freq_Value=84000000
RCC.APB2TimFreq_Value=84000000
RCC.CortexFreq_Value=84000000
RCC.FCLKCortexFreq_Value=84000000
RCC.HCLKFreq_Value=84000000
RCC.HSE_VALUE=8000000
RCC.HSI_VALUE=16000000
RCC.I2SClocksFreq_Value=96000000
RCC.IPParameters=48MHZClocksFreq_Value,AHBFreq_Value,APB1CLKDivider,APB1Freq_Value,APB1TimFreq_Value,APB2Freq_Value,APB2TimFreq_Value,CortexFreq_Value,FCLKCortexFreq_Value,HCLKFreq_Value,HSE_VALUE,HSI_VALUE,I2SClocksFreq_Value,LSI_VALUE,MCO2PinFreq_Value,PLLCLKFreq_Value,PLLN,PLLP,PLLQ,PLLQCLKFreq_Value,RTCFreq_Value,RTCHSEDivFreq_Value,SYSCLKFreq_VALUE,SYSCLKSource,VCOI2SOutputFreq_Value,VCOInputFreq_Value,VCOOutputFreq_Value,VcooutputI2S
RCC.LSI_VALUE=32000
RCC.MCO2PinFreq_Value=84000000
RCC.PLLCLKFreq_Value=84000000
RCC.PLLN=336
RCC.PLLP=RCC_PLLP_DIV4
RCC.PLLQ=7
RCC.PLLQCLKFreq_Value=48000000
RCC.RTCFreq_Value=32000
RCC.RTCHSEDivFreq_Value=4000000
RCC.SYSCLKFreq_VALUE=84000000
RCC.SYSCLKSource=RCC_SYSCLKSOURCE_PLLCLK
RCC.VCOI2SOutputFreq_Value=192000000
RCC.VCOInputFreq_Value=1000000
RCC.VCOOutputFreq_Value=336000000
RCC.VcooutputI2S=96000000
SH.GPXTI13.0=GPIO_EXTI13
SH.GPXTI13.ConfNb=1
STMicroelectronics.X-CUBE-MEMS1.7.1.0.ApplicationCcDeviceJjApplication=IKS01A2IiDataLogTerminal
STMicroelectronics.X-CUBE-MEMS1.7.1.0.BSP.number=4
STMicroelectronics.X-CUBE-MEMS1.7.1.0.BoardOoExtensionJjMEMS_Checked=true
STMicroelectronics.X-CUBE-MEMS1.7.1.0.DeviceJjApplication_Checked=true
STMicroelectronics.X-CUBE-MEMS1.7.1.0.IPParameters=MEMSCcBoardOoExtensionJjIKS01A2,ApplicationCcDeviceJjApplication
STMicroelectronics.X-CUBE-MEMS1.7.1.0.MEMSCcBoardOoExtensionJjIKS01A2=true
STMicroelectronics.X-CUBE-MEMS1.7.1.00.BSP.STBoard=false
STMicroelectronics.X-CUBE-MEMS1.7.1.00.BSP.api=BSP_BUS_DRIVER
STMicroelectronics.X-CUBE-MEMS1.7.1.00.BSP.component=
STMicroelectronics.X-CUBE-MEMS1.7.1.00.BSP.condition=SEMBoardOoExtensionJjIKS01A2
STMicroelectronics.X-CUBE-MEMS1.7.1.00.BSP.i2caddr=-1
STMicroelectronics.X-CUBE-MEMS1.7.1.00.BSP.i2creg=
STMicroelectronics.X-CUBE-MEMS1.7.1.00.BSP.instance=I2C1
STMicroelectronics.X-CUBE-MEMS1.7.1.00.BSP.ip=I2C
STMicroelectronics.X-CUBE-MEMS1.7.1.00.BSP.mode=I2C
STMicroelectronics.X-CUBE-MEMS1.7.1.00.BSP.name=IKS01A2 BUS IO driver
STMicroelectronics.X-CUBE-MEMS1.7.1.00.BSP.semaphore=
STMicroelectronics.X-CUBE-MEMS1.7.1.00.BSP.solution=I2C1
STMicroelectronics.X-CUBE-MEMS1.7.1.01.BSP.STBoard=false
STMicroelectronics.X-CUBE-MEMS1.7.1.01.BSP.api=BSP_COMMON_DRIVER
STMicroelectronics.X-CUBE-MEMS1.7.1.01.BSP.component=
STMicroelectronics.X-CUBE-MEMS1.7.1.01.BSP.condition=\!(SEMDeviceJjApplicationJjIKS01A3IiIntensityDetection | SEMDeviceJjApplicationJjIKS01A2IiIntensityDetection | SEMDeviceJjApplicationJjCUSTOMIiIntensityDetection | SEMDeviceJjApplicationJjIKS01A3IiGyroscopeCalibration | SEMDeviceJjApplicationJjIKS01A2IiGyroscopeCalibration | SEMDeviceJjApplicationJjCUSTOMIiGyroscopeCalibration | SEMDeviceJjApplicationJjIKS01A3IiAccelerometerCalibration | SEMDeviceJjApplicationJjIKS01A2IiAccelerometerCalibration | SEMDeviceJjApplicationJjCUSTOMIiAccelerometerCalibration | SEMDeviceJjApplicationJjIKS01A3IiMagnetometerCalibration | SEMDeviceJjApplicationJjIKS01A2IiMagnetometerCalibration | SEMDeviceJjApplicationJjCUSTOMIiMagnetometerCalibration | SEMDeviceJjApplicationJjIKS01A3IiTiltSensing | SEMDeviceJjApplicationJjIKS01A2IiTiltSensing | SEMDeviceJjApplicationJjCUSTOMIiTiltSensing | SEMDeviceJjApplicationJjIKS01A3IiVerticalContext | SEMDeviceJjApplicationJjIKS01A2IiVerticalContext | SEMDeviceJjApplicationJjCUSTOMIiVerticalContext | SEMDeviceJjApplicationJjIKS01A3IiCarryPosition | SEMDeviceJjApplicationJjIKS01A2IiCarryPosition | SEMDeviceJjApplicationJjCUSTOMIiCarryPosition | SEMDeviceJjApplicationJjIKS01A3IiECompass | SEMDeviceJjApplicationJjIKS01A2IiECompass | SEMDeviceJjApplicationJjCUSTOMIiECompass | SEMDeviceJjApplicationJjIKS01A3IiGestureRecognition | SEMDeviceJjApplicationJjIKS01A2IiGestureRecognition | SEMDeviceJjApplicationJjCUSTOMIiGestureRecognition)
STMicroelectronics.X-CUBE-MEMS1.7.1.01.BSP.i2caddr=-1
STMicroelectronics.X-CUBE-MEMS1.7.1.01.BSP.i2creg=
STMicroelectronics.X-CUBE-MEMS1.7.1.01.BSP.instance=PC13-ANTI_TAMP
STMicroelectronics.X-CUBE-MEMS1.7.1.01.BSP.ip=GPIO
STMicroelectronics.X-CUBE-MEMS1.7.1.01.BSP.mode=EXTI
STMicroelectronics.X-CUBE-MEMS1.7.1.01.BSP.name=BSP BUTTON
STMicroelectronics.X-CUBE-MEMS1.7.1.01.BSP.semaphore=
STMicroelectronics.X-CUBE-MEMS1.7.1.01.BSP.solution=PC13-ANTI_TAMP
STMicroelectronics.X-CUBE-MEMS1.7.1.02.BSP.STBoard=false
STMicroelectronics.X-CUBE-MEMS1.7.1.02.BSP.api=BSP_COMMON_DRIVER
STMicroelectronics.X-CUBE-MEMS1.7.1.02.BSP.component=
STMicroelectronics.X-CUBE-MEMS1.7.1.02.BSP.condition=
STMicroelectronics.X-CUBE-MEMS1.7.1.02.BSP.i2caddr=-1
STMicroelectronics.X-CUBE-MEMS1.7.1.02.BSP.i2creg=
STMicroelectronics.X-CUBE-MEMS1.7.1.02.BSP.instance=USART2
STMicroelectronics.X-CUBE-MEMS1.7.1.02.BSP.ip=(LPU|US)ART
STMicroelectronics.X-CUBE-MEMS1.7.1.02.BSP.mode=Asynchronous
STMicroelectronics.X-CUBE-MEMS1.7.1.02.BSP.name=BSP USART
STMicroelectronics.X-CUBE-MEMS1.7.1.02.BSP.semaphore=
STMicroelectronics.X-CUBE-MEMS1.7.1.02.BSP.solution=USART2
STMicroelectronics.X-CUBE-MEMS1.7.1.03.BSP.STBoard=false
STMicroelectronics.X-CUBE-MEMS1.7.1.03.BSP.api=BSP_COMMON_DRIVER
STMicroelectronics.X-CUBE-MEMS1.7.1.03.BSP.component=
STMicroelectronics.X-CUBE-MEMS1.7.1.03.BSP.condition=
STMicroelectronics.X-CUBE-MEMS1.7.1.03.BSP.i2caddr=-1
STMicroelectronics.X-CUBE-MEMS1.7.1.03.BSP.i2creg=
STMicroelectronics.X-CUBE-MEMS1.7.1.03.BSP.instance=PA5
STMicroelectronics.X-CUBE-MEMS1.7.1.03.BSP.ip=GPIO
STMicroelectronics.X-CUBE-MEMS1.7.1.03.BSP.mode=Output
STMicroelectronics.X-CUBE-MEMS1.7.1.03.BSP.name=BSP LED
STMicroelectronics.X-CUBE-MEMS1.7.1.03.BSP.semaphore=
STMicroelectronics.X-CUBE-MEMS1.7.1.03.BSP.solution=PA5
STMicroelectronics.X-CUBE-MEMS1.7.1.0_SwParameter=ApplicationCcDeviceJjApplication\:IKS01A2IiDataLogTerminal;MEMSCcBoardOoExtensionJjIKS01A2\:true;
USART2.BaudRate=57600
USART2.IPParameters=VirtualMode,BaudRate
USART2.VirtualMode=VM_ASYNC
VP_STMicroelectronics.X-CUBE-MEMS1_VS_BoardOoExtensionJjMEMS_7.1.0.Mode=BoardOoExtensionJjMEMS
VP_STMicroelectronics.X-CUBE-MEMS1_VS_BoardOoExtensionJjMEMS_7.1.0.Signal=STMicroelectronics.X-CUBE-MEMS1_VS_BoardOoExtensionJjMEMS_7.1.0
VP_STMicroelectronics.X-CUBE-MEMS1_VS_DeviceJjApplication_7.1.0.Mode=DeviceJjApplication
VP_STMicroelectronics.X-CUBE-MEMS1_VS_DeviceJjApplication_7.1.0.Signal=STMicroelectronics.X-CUBE-MEMS1_VS_DeviceJjApplication_7.1.0
VP_SYS_VS_Systick.Mode=SysTick
VP_SYS_VS_Systick.Signal=SYS_VS_Systick
board=NUCLEO-F401RE
boardIOC=true
isbadioc=false
